{
  "requires": true,
  "lockfileVersion": 1,
  "dependencies": {
    "types-registry": {
      "version": "0.1.445",
      "resolved": "https://registry.npmjs.org/types-registry/-/types-registry-0.1.445.tgz",
      "integrity": "sha512-0yR400pKOuozc6raAZL4SiiUTGt/etiQp640scKEX8BUwiqSGHryphoqIAlenwQFWUQfGiUdaumnXoY5n8pQpw=="
    }
  }
}
